
Microsoft Visual Studio Solution File, Format Version 12.00
# Visual Studio Version 17
VisualStudioVersion = 17.1.32228.430
MinimumVisualStudioVersion = 10.0.40219.1
Project("{9A19103F-16F7-4668-BE54-9A1E7A4F7556}") = "BlazorApp1", "BlazorApp1\BlazorApp1.csproj", "{12EE260F-883F-43E8-85B6-D176E425686C}"
EndProject
Project("{FAE04EC0-301F-11D3-BF4B-00C04F79EFBC}") = "dotnet6mvc", "dotnet6mvc\dotnet6mvc.csproj", "{D948F739-04CF-44B3-9E57-29E85669F2AE}"
EndProject
Project("{FAE04EC0-301F-11D3-BF4B-00C04F79EFBC}") = "dotnet3xmvc", "dotnet3xmvc\dotnet3xmvc.csproj", "{8074C3BF-9691-4368-B52C-11A3EDD7C29C}"
EndProject
Global
	GlobalSection(SolutionConfigurationPlatforms) = preSolution
		Debug|Any CPU = Debug|Any CPU
		Release|Any CPU = Release|Any CPU
	EndGlobalSection
	GlobalSection(ProjectConfigurationPlatforms) = postSolution
		{12EE260F-883F-43E8-85B6-D176E425686C}.Debug|Any CPU.ActiveCfg = Debug|Any CPU
		{12EE260F-883F-43E8-85B6-D176E425686C}.Debug|Any CPU.Build.0 = Debug|Any CPU
		{12EE260F-883F-43E8-85B6-D176E425686C}.Release|Any CPU.ActiveCfg = Release|Any CPU
		{12EE260F-883F-43E8-85B6-D176E425686C}.Release|Any CPU.Build.0 = Release|Any CPU
		{D948F739-04CF-44B3-9E57-29E85669F2AE}.Debug|Any CPU.ActiveCfg = Debug|Any CPU
		{D948F739-04CF-44B3-9E57-29E85669F2AE}.Debug|Any CPU.Build.0 = Debug|Any CPU
		{D948F739-04CF-44B3-9E57-29E85669F2AE}.Release|Any CPU.ActiveCfg = Release|Any CPU
		{D948F739-04CF-44B3-9E57-29E85669F2AE}.Release|Any CPU.Build.0 = Release|Any CPU
		{8074C3BF-9691-4368-B52C-11A3EDD7C29C}.Debug|Any CPU.ActiveCfg = Debug|Any CPU
		{8074C3BF-9691-4368-B52C-11A3EDD7C29C}.Debug|Any CPU.Build.0 = Debug|Any CPU
		{8074C3BF-9691-4368-B52C-11A3EDD7C29C}.Release|Any CPU.ActiveCfg = Release|Any CPU
		{8074C3BF-9691-4368-B52C-11A3EDD7C29C}.Release|Any CPU.Build.0 = Release|Any CPU
	EndGlobalSection
	GlobalSection(SolutionProperties) = preSolution
		HideSolutionNode = FALSE
	EndGlobalSection
	GlobalSection(ExtensibilityGlobals) = postSolution
		SolutionGuid = {73415680-003A-4218-9534-07602470EDA5}
	EndGlobalSection
EndGlobal
